
Microsoft Visual Studio Solution File, Format Version 12.00
# Visual Studio Version 16
VisualStudioVersion = 16.0.32413.511
MinimumVisualStudioVersion = 10.0.40219.1
Project("{FAE04EC0-301F-11D3-BF4B-00C04F79EFBC}") = "Project1", "Project1\Project1.csproj", "{6A5CA638-A071-4D01-9BB7-99DE6462097E}"
EndProject
Global
	GlobalSection(SolutionConfigurationPlatforms) = preSolution
		Debug|Any CPU = Debug|Any CPU
		Release|Any CPU = Release|Any CPU
	EndGlobalSection
	GlobalSection(ProjectConfigurationPlatforms) = postSolution
		{6A5CA638-A071-4D01-9BB7-99DE6462097E}.Debug|Any CPU.ActiveCfg = Debug|Any CPU
		{6A5CA638-A071-4D01-9BB7-99DE6462097E}.Debug|Any CPU.Build.0 = Debug|Any CPU
		{6A5CA638-A071-4D01-9BB7-99DE6462097E}.Release|Any CPU.ActiveCfg = Release|Any CPU
		{6A5CA638-A071-4D01-9BB7-99DE6462097E}.Release|Any CPU.Build.0 = Release|Any CPU
	EndGlobalSection
	GlobalSection(SolutionProperties) = preSolution
		HideSolutionNode = FALSE
	EndGlobalSection
	GlobalSection(ExtensibilityGlobals) = postSolution
		SolutionGuid = {72141548-9655-4E39-B8B6-9B2D1F2AF388}
	EndGlobalSection
EndGlobal
